{
  "version": 4,
  "terraform_version": "0.12.12",
  "serial": 13,
  "lineage": "6f461f1f-ca53-c2db-74b7-0e60b7fccb08",
  "outputs": {},
  "resources": [
    {
      "module": "module.master",
      "mode": "managed",
      "type": "azurerm_network_interface",
      "name": "master",
      "provider": "provider.azurerm",
      "instances": [
        {
          "schema_version": 0,
          "attributes": {
            "applied_dns_servers": [],
            "dns_servers": [],
            "enable_accelerated_networking": false,
            "enable_ip_forwarding": false,
            "id": "/subscriptions/c333fea9-8655-403f-acaf-a98193165b35/resourceGroups/default/providers/Microsoft.Network/networkInterfaces/default-master-nic",
            "internal_dns_name_label": "",
            "internal_fqdn": "",
            "ip_configuration": [
              {
                "application_gateway_backend_address_pools_ids": [],
                "application_security_group_ids": [],
                "load_balancer_backend_address_pools_ids": [],
                "load_balancer_inbound_nat_rules_ids": [],
                "name": "default-master",
                "primary": true,
                "private_ip_address": "",
                "private_ip_address_allocation": "dynamic",
                "private_ip_address_version": "IPv4",
                "public_ip_address_id": "/subscriptions/c333fea9-8655-403f-acaf-a98193165b35/resourceGroups/default/providers/Microsoft.Network/publicIPAddresses/default-master-pip",
                "subnet_id": "/subscriptions/c333fea9-8655-403f-acaf-a98193165b35/resourceGroups/default/providers/Microsoft.Network/virtualNetworks/default-vnet/subnets/internal"
              }
            ],
            "location": "uksouth",
            "mac_address": "",
            "name": "default-master-nic",
            "network_security_group_id": "/subscriptions/c333fea9-8655-403f-acaf-a98193165b35/resourceGroups/default/providers/Microsoft.Network/networkSecurityGroups/master-nsg",
            "private_ip_address": "10.0.2.5",
            "private_ip_addresses": [
              "10.0.2.5"
            ],
            "resource_group_name": "default",
            "tags": {},
            "virtual_machine_id": null
          },
          "private": "bnVsbA==",
          "depends_on": [
            "azurerm_network_security_group.master",
            "azurerm_public_ip.master",
            "azurerm_subnet.default"
          ]
        }
      ]
    },
    {
      "module": "module.worker",
      "mode": "managed",
      "type": "azurerm_network_interface",
      "name": "worker",
      "provider": "provider.azurerm",
      "instances": [
        {
          "schema_version": 0,
          "attributes": {
            "applied_dns_servers": [],
            "dns_servers": [],
            "enable_accelerated_networking": false,
            "enable_ip_forwarding": false,
            "id": "/subscriptions/c333fea9-8655-403f-acaf-a98193165b35/resourceGroups/default/providers/Microsoft.Network/networkInterfaces/default-worker-nic",
            "internal_dns_name_label": "",
            "internal_fqdn": "",
            "ip_configuration": [
              {
                "application_gateway_backend_address_pools_ids": [],
                "application_security_group_ids": [],
                "load_balancer_backend_address_pools_ids": [],
                "load_balancer_inbound_nat_rules_ids": [],
                "name": "default-worker",
                "primary": true,
                "private_ip_address": "",
                "private_ip_address_allocation": "dynamic",
                "private_ip_address_version": "IPv4",
                "public_ip_address_id": "/subscriptions/c333fea9-8655-403f-acaf-a98193165b35/resourceGroups/default/providers/Microsoft.Network/publicIPAddresses/default-worker-pip",
                "subnet_id": "/subscriptions/c333fea9-8655-403f-acaf-a98193165b35/resourceGroups/default/providers/Microsoft.Network/virtualNetworks/default-vnet/subnets/internal"
              }
            ],
            "location": "uksouth",
            "mac_address": "",
            "name": "default-worker-nic",
            "network_security_group_id": "/subscriptions/c333fea9-8655-403f-acaf-a98193165b35/resourceGroups/default/providers/Microsoft.Network/networkSecurityGroups/worker-nsg",
            "private_ip_address": "10.0.2.4",
            "private_ip_addresses": [
              "10.0.2.4"
            ],
            "resource_group_name": "default",
            "tags": {},
            "virtual_machine_id": null
          },
          "private": "bnVsbA==",
          "depends_on": [
            "azurerm_network_security_group.worker",
            "azurerm_public_ip.worker",
            "azurerm_subnet.default"
          ]
        }
      ]
    },
    {
      "module": "module.master",
      "mode": "managed",
      "type": "azurerm_network_security_group",
      "name": "master",
      "provider": "provider.azurerm",
      "instances": [
        {
          "schema_version": 0,
          "attributes": {
            "id": "/subscriptions/c333fea9-8655-403f-acaf-a98193165b35/resourceGroups/default/providers/Microsoft.Network/networkSecurityGroups/master-nsg",
            "location": "uksouth",
            "name": "master-nsg",
            "resource_group_name": "default",
            "security_rule": [
              {
                "access": "Allow",
                "description": "",
                "destination_address_prefix": "*",
                "destination_address_prefixes": [],
                "destination_application_security_group_ids": [],
                "destination_port_range": "22",
                "destination_port_ranges": [],
                "direction": "Inbound",
                "name": "SSH",
                "priority": 1001,
                "protocol": "Tcp",
                "source_address_prefix": "*",
                "source_address_prefixes": [],
                "source_application_security_group_ids": [],
                "source_port_range": "*",
                "source_port_ranges": []
              },
              {
                "access": "Allow",
                "description": "",
                "destination_address_prefix": "*",
                "destination_address_prefixes": [],
                "destination_application_security_group_ids": [],
                "destination_port_range": "80",
                "destination_port_ranges": [],
                "direction": "Inbound",
                "name": "HTTP",
                "priority": 1002,
                "protocol": "Tcp",
                "source_address_prefix": "*",
                "source_address_prefixes": [],
                "source_application_security_group_ids": [],
                "source_port_range": "*",
                "source_port_ranges": []
              }
            ],
            "tags": {}
          },
          "private": "bnVsbA=="
        }
      ]
    },
    {
      "module": "module.worker",
      "mode": "managed",
      "type": "azurerm_network_security_group",
      "name": "worker",
      "provider": "provider.azurerm",
      "instances": [
        {
          "schema_version": 0,
          "attributes": {
            "id": "/subscriptions/c333fea9-8655-403f-acaf-a98193165b35/resourceGroups/default/providers/Microsoft.Network/networkSecurityGroups/worker-nsg",
            "location": "uksouth",
            "name": "worker-nsg",
            "resource_group_name": "default",
            "security_rule": [
              {
                "access": "Allow",
                "description": "",
                "destination_address_prefix": "*",
                "destination_address_prefixes": [],
                "destination_application_security_group_ids": [],
                "destination_port_range": "22",
                "destination_port_ranges": [],
                "direction": "Inbound",
                "name": "SSH",
                "priority": 1001,
                "protocol": "Tcp",
                "source_address_prefix": "*",
                "source_address_prefixes": [],
                "source_application_security_group_ids": [],
                "source_port_range": "*",
                "source_port_ranges": []
              },
              {
                "access": "Allow",
                "description": "",
                "destination_address_prefix": "*",
                "destination_address_prefixes": [],
                "destination_application_security_group_ids": [],
                "destination_port_range": "80",
                "destination_port_ranges": [],
                "direction": "Inbound",
                "name": "HTTP",
                "priority": 1002,
                "protocol": "Tcp",
                "source_address_prefix": "*",
                "source_address_prefixes": [],
                "source_application_security_group_ids": [],
                "source_port_range": "*",
                "source_port_ranges": []
              }
            ],
            "tags": {}
          },
          "private": "bnVsbA=="
        }
      ]
    },
    {
      "module": "module.master",
      "mode": "managed",
      "type": "azurerm_public_ip",
      "name": "master",
      "provider": "provider.azurerm",
      "instances": [
        {
          "schema_version": 0,
          "attributes": {
            "allocation_method": "Dynamic",
            "domain_name_label": "default-master-matt-crutchley",
            "fqdn": "default-master-matt-crutchley.uksouth.cloudapp.azure.com",
            "id": "/subscriptions/c333fea9-8655-403f-acaf-a98193165b35/resourceGroups/default/providers/Microsoft.Network/publicIPAddresses/default-master-pip",
            "idle_timeout_in_minutes": 4,
            "ip_address": "",
            "ip_version": "IPv4",
            "location": "uksouth",
            "name": "default-master-pip",
            "public_ip_address_allocation": "Dynamic",
            "public_ip_prefix_id": null,
            "resource_group_name": "default",
            "reverse_fqdn": "",
            "sku": "Basic",
            "tags": {},
            "zones": null
          },
          "private": "bnVsbA=="
        }
      ]
    },
    {
      "module": "module.worker",
      "mode": "managed",
      "type": "azurerm_public_ip",
      "name": "worker",
      "provider": "provider.azurerm",
      "instances": [
        {
          "schema_version": 0,
          "attributes": {
            "allocation_method": "Dynamic",
            "domain_name_label": "default-worker-matt-crutchley",
            "fqdn": "default-worker-matt-crutchley.uksouth.cloudapp.azure.com",
            "id": "/subscriptions/c333fea9-8655-403f-acaf-a98193165b35/resourceGroups/default/providers/Microsoft.Network/publicIPAddresses/default-worker-pip",
            "idle_timeout_in_minutes": 4,
            "ip_address": "",
            "ip_version": "IPv4",
            "location": "uksouth",
            "name": "default-worker-pip",
            "public_ip_address_allocation": "Dynamic",
            "public_ip_prefix_id": null,
            "resource_group_name": "default",
            "reverse_fqdn": "",
            "sku": "Basic",
            "tags": {},
            "zones": null
          },
          "private": "bnVsbA=="
        }
      ]
    },
    {
      "mode": "managed",
      "type": "azurerm_resource_group",
      "name": "default",
      "provider": "provider.azurerm",
      "instances": [
        {
          "schema_version": 0,
          "attributes": {
            "id": "/subscriptions/c333fea9-8655-403f-acaf-a98193165b35/resourceGroups/default",
            "location": "uksouth",
            "name": "default",
            "tags": {}
          },
          "private": "bnVsbA=="
        }
      ]
    },
    {
      "module": "module.master",
      "mode": "managed",
      "type": "azurerm_subnet",
      "name": "default",
      "provider": "provider.azurerm",
      "instances": [
        {
          "schema_version": 0,
          "attributes": {
            "address_prefix": "10.0.2.0/24",
            "delegation": [],
            "id": "/subscriptions/c333fea9-8655-403f-acaf-a98193165b35/resourceGroups/default/providers/Microsoft.Network/virtualNetworks/default-vnet/subnets/internal",
            "ip_configurations": [],
            "name": "internal",
            "network_security_group_id": "",
            "resource_group_name": "default",
            "route_table_id": "",
            "service_endpoints": null,
            "virtual_network_name": "default-vnet"
          },
          "private": "bnVsbA=="
        }
      ]
    },
    {
      "module": "module.worker",
      "mode": "managed",
      "type": "azurerm_subnet",
      "name": "default",
      "provider": "provider.azurerm",
      "instances": [
        {
          "schema_version": 0,
          "attributes": {
            "address_prefix": "10.0.2.0/24",
            "delegation": [],
            "id": "/subscriptions/c333fea9-8655-403f-acaf-a98193165b35/resourceGroups/default/providers/Microsoft.Network/virtualNetworks/default-vnet/subnets/internal",
            "ip_configurations": [],
            "name": "internal",
            "network_security_group_id": "",
            "resource_group_name": "default",
            "route_table_id": "",
            "service_endpoints": null,
            "virtual_network_name": "default-vnet"
          },
          "private": "bnVsbA=="
        }
      ]
    },
    {
      "module": "module.master",
      "mode": "managed",
      "type": "azurerm_virtual_machine",
      "name": "master",
      "provider": "provider.azurerm",
      "instances": [
        {
          "schema_version": 0,
          "attributes": {
            "availability_set_id": null,
            "boot_diagnostics": [],
            "delete_data_disks_on_termination": false,
            "delete_os_disk_on_termination": false,
            "id": "/subscriptions/c333fea9-8655-403f-acaf-a98193165b35/resourceGroups/default/providers/Microsoft.Compute/virtualMachines/default-master-vm",
            "identity": [],
            "license_type": null,
            "location": "uksouth",
            "name": "default-master-vm",
            "network_interface_ids": [
              "/subscriptions/c333fea9-8655-403f-acaf-a98193165b35/resourceGroups/default/providers/Microsoft.Network/networkInterfaces/default-master-nic"
            ],
            "os_profile": [
              {
                "admin_password": "",
                "admin_username": "jenkins",
                "computer_name": "default-master-vm",
                "custom_data": ""
              }
            ],
            "os_profile_linux_config": [
              {
                "disable_password_authentication": true,
                "ssh_keys": [
                  {
                    "key_data": "ssh-rsa AAAAB3NzaC1yc2EAAAADAQABAAABAQDMibvgp7d0bzjKctksoOAH/IENRygwAyRPcaNAi2hRdU10bRr023oUH5mDxp91yM52rPDrlGCNY+xMmarNYTnTgqumw3kPPv3WZWDntOwcOzWUjve8hqCdFE5VO8cAgyLBMZwK7KXjRr+Rke6qXnmutdcz/TMw7VIJb1Q+BlQrOK+qzaKo8bmSFaBfI5aZMKV27RuSH8watfRrvW+KkzAE8SGTxfoDwfDPLPl7704Rg1rpq0UmJui/xJPDEzh0xAry75cV2OE2+5Nfgch6KFdJFaCetJtZ+YmIVvPgR3dP0k7c4jkq7woIJskTlB70E5wfK9H9q3GCooYXGEdM8zp7",
                    "path": "/home/jenkins/.ssh/authorized_keys"
                  }
                ]
              }
            ],
            "os_profile_secrets": [],
            "os_profile_windows_config": [],
            "plan": [],
            "primary_network_interface_id": null,
            "resource_group_name": "default",
            "storage_data_disk": [],
            "storage_image_reference": [
              {
                "id": "",
                "offer": "Debian",
                "publisher": "credativ",
                "sku": "9",
                "version": "latest"
              }
            ],
            "storage_os_disk": [
              {
                "caching": "ReadWrite",
                "create_option": "FromImage",
                "disk_size_gb": 30,
                "image_uri": "",
                "managed_disk_id": "/subscriptions/c333fea9-8655-403f-acaf-a98193165b35/resourceGroups/DEFAULT/providers/Microsoft.Compute/disks/default-master-vm",
                "managed_disk_type": "Standard_LRS",
                "name": "default-master-vm",
                "os_type": "Linux",
                "vhd_uri": "",
                "write_accelerator_enabled": false
              }
            ],
            "tags": {
              "environment": "default"
            },
            "vm_size": "Standard_DS1_v2",
            "zones": null
          },
          "private": "bnVsbA==",
          "depends_on": [
            "azurerm_network_interface.master"
          ]
        }
      ]
    },
    {
      "module": "module.worker",
      "mode": "managed",
      "type": "azurerm_virtual_machine",
      "name": "worker",
      "provider": "provider.azurerm",
      "instances": [
        {
          "schema_version": 0,
          "attributes": {
            "availability_set_id": null,
            "boot_diagnostics": [],
            "delete_data_disks_on_termination": false,
            "delete_os_disk_on_termination": false,
            "id": "/subscriptions/c333fea9-8655-403f-acaf-a98193165b35/resourceGroups/default/providers/Microsoft.Compute/virtualMachines/default-worker-vm",
            "identity": [],
            "license_type": null,
            "location": "uksouth",
            "name": "default-worker-vm",
            "network_interface_ids": [
              "/subscriptions/c333fea9-8655-403f-acaf-a98193165b35/resourceGroups/default/providers/Microsoft.Network/networkInterfaces/default-worker-nic"
            ],
            "os_profile": [
              {
                "admin_password": "",
                "admin_username": "jenkins",
                "computer_name": "default-worker-vm",
                "custom_data": ""
              }
            ],
            "os_profile_linux_config": [
              {
                "disable_password_authentication": true,
                "ssh_keys": [
                  {
                    "key_data": "ssh-rsa AAAAB3NzaC1yc2EAAAADAQABAAABAQDMibvgp7d0bzjKctksoOAH/IENRygwAyRPcaNAi2hRdU10bRr023oUH5mDxp91yM52rPDrlGCNY+xMmarNYTnTgqumw3kPPv3WZWDntOwcOzWUjve8hqCdFE5VO8cAgyLBMZwK7KXjRr+Rke6qXnmutdcz/TMw7VIJb1Q+BlQrOK+qzaKo8bmSFaBfI5aZMKV27RuSH8watfRrvW+KkzAE8SGTxfoDwfDPLPl7704Rg1rpq0UmJui/xJPDEzh0xAry75cV2OE2+5Nfgch6KFdJFaCetJtZ+YmIVvPgR3dP0k7c4jkq7woIJskTlB70E5wfK9H9q3GCooYXGEdM8zp7",
                    "path": "/home/jenkins/.ssh/authorized_keys"
                  }
                ]
              }
            ],
            "os_profile_secrets": [],
            "os_profile_windows_config": [],
            "plan": [],
            "primary_network_interface_id": null,
            "resource_group_name": "default",
            "storage_data_disk": [],
            "storage_image_reference": [
              {
                "id": "",
                "offer": "Debian",
                "publisher": "credativ",
                "sku": "9",
                "version": "latest"
              }
            ],
            "storage_os_disk": [
              {
                "caching": "ReadWrite",
                "create_option": "FromImage",
                "disk_size_gb": 30,
                "image_uri": "",
                "managed_disk_id": "/subscriptions/c333fea9-8655-403f-acaf-a98193165b35/resourceGroups/DEFAULT/providers/Microsoft.Compute/disks/default-worker-vm",
                "managed_disk_type": "Standard_LRS",
                "name": "default-worker-vm",
                "os_type": "Linux",
                "vhd_uri": "",
                "write_accelerator_enabled": false
              }
            ],
            "tags": {
              "environment": "default"
            },
            "vm_size": "Standard_DS1_v2",
            "zones": null
          },
          "private": "bnVsbA==",
          "depends_on": [
            "azurerm_network_interface.worker"
          ]
        }
      ]
    },
    {
      "mode": "managed",
      "type": "azurerm_virtual_network",
      "name": "default",
      "provider": "provider.azurerm",
      "instances": [
        {
          "schema_version": 0,
          "attributes": {
            "address_space": [
              "10.0.0.0/16"
            ],
            "ddos_protection_plan": [],
            "dns_servers": null,
            "id": "/subscriptions/c333fea9-8655-403f-acaf-a98193165b35/resourceGroups/default/providers/Microsoft.Network/virtualNetworks/default-vnet",
            "location": "uksouth",
            "name": "default-vnet",
            "resource_group_name": "default",
            "subnet": [],
            "tags": {}
          },
          "private": "bnVsbA==",
          "depends_on": [
            "azurerm_resource_group.default"
          ]
        }
      ]
    }
  ]
}
